
Microsoft Visual Studio Solution File, Format Version 12.00
# Visual Studio Version 17
VisualStudioVersion = 17.5.002.0
MinimumVisualStudioVersion = 10.0.40219.1
Project("{9A19103F-16F7-4668-BE54-9A1E7A4F7556}") = "Nonogram-Solver", "Nonogram-Solver.csproj", "{DB47FD07-DC3C-42D1-8D01-BF512E1843E1}"
EndProject
Global
	GlobalSection(SolutionConfigurationPlatforms) = preSolution
		Debug|Any CPU = Debug|Any CPU
		Release|Any CPU = Release|Any CPU
	EndGlobalSection
	GlobalSection(ProjectConfigurationPlatforms) = postSolution
		{DB47FD07-DC3C-42D1-8D01-BF512E1843E1}.Debug|Any CPU.ActiveCfg = Debug|Any CPU
		{DB47FD07-DC3C-42D1-8D01-BF512E1843E1}.Debug|Any CPU.Build.0 = Debug|Any CPU
		{DB47FD07-DC3C-42D1-8D01-BF512E1843E1}.Release|Any CPU.ActiveCfg = Release|Any CPU
		{DB47FD07-DC3C-42D1-8D01-BF512E1843E1}.Release|Any CPU.Build.0 = Release|Any CPU
	EndGlobalSection
	GlobalSection(SolutionProperties) = preSolution
		HideSolutionNode = FALSE
	EndGlobalSection
	GlobalSection(ExtensibilityGlobals) = postSolution
		SolutionGuid = {1A80E780-8E90-4BC7-81F9-BC4FC01968B0}
	EndGlobalSection
EndGlobal
